Microsoft Visual Studio Solution File, Format Version 12.00
# Visual Studio Version 17
VisualStudioVersion = 17.5.2.0
MinimumVisualStudioVersion = 10.0.40219.1
Project("{FAE04EC0-301F-11D3-BF4B-00C04F79EFBC}") = "Labb-3-API", "Labb-3-API.csproj", "{0F497885-D957-75C5-B32A-408FB2593853}"
EndProject
Global
	GlobalSection(SolutionConfigurationPlatforms) = preSolution
		Debug|Any CPU = Debug|Any CPU
		Release|Any CPU = Release|Any CPU
	EndGlobalSection
	GlobalSection(ProjectConfigurationPlatforms) = postSolution
		{0F497885-D957-75C5-B32A-408FB2593853}.Debug|Any CPU.ActiveCfg = Debug|Any CPU
		{0F497885-D957-75C5-B32A-408FB2593853}.Debug|Any CPU.Build.0 = Debug|Any CPU
		{0F497885-D957-75C5-B32A-408FB2593853}.Release|Any CPU.ActiveCfg = Release|Any CPU
		{0F497885-D957-75C5-B32A-408FB2593853}.Release|Any CPU.Build.0 = Release|Any CPU
	EndGlobalSection
	GlobalSection(SolutionProperties) = preSolution
		HideSolutionNode = FALSE
	EndGlobalSection
	GlobalSection(ExtensibilityGlobals) = postSolution
		SolutionGuid = {166468BF-8A7B-4AF6-AA87-BA81C9B61D94}
	EndGlobalSection
EndGlobal
